
Microsoft Visual Studio Solution File, Format Version 12.00
# Visual Studio Version 17
VisualStudioVersion = 17.7.34202.233
MinimumVisualStudioVersion = 10.0.40219.1
Project("{9A19103F-16F7-4668-BE54-9A1E7A4F7556}") = "00.Programming_p", "00.Programming_p\00.Programming_p.csproj", "{8C39ACC6-A9C4-4165-BBDD-7315994F41C4}"
EndProject
Project("{9A19103F-16F7-4668-BE54-9A1E7A4F7556}") = "01.DataType_p", "01.DataType_p\01.DataType_p.csproj", "{44428E1E-E895-4BF5-9C4E-849FC1C8F23C}"
EndProject
Project("{9A19103F-16F7-4668-BE54-9A1E7A4F7556}") = "02.Operator_p", "02.Operator_p\02.Operator_p.csproj", "{A3AF21A3-5232-4D04-B48D-4F0243287A53}"
EndProject
Project("{9A19103F-16F7-4668-BE54-9A1E7A4F7556}") = "03.Conditional_p", "03.Conditional_p\03.Conditional_p.csproj", "{53DCD892-E936-4BC7-95B9-E9AB62A49933}"
EndProject
Project("{9A19103F-16F7-4668-BE54-9A1E7A4F7556}") = "04.Loop_p", "04.Loop_p\04.Loop_p.csproj", "{50D58C24-B994-4229-B810-3EB676843AB4}"
EndProject
Project("{9A19103F-16F7-4668-BE54-9A1E7A4F7556}") = "05.Function_p", "05.Function_p\05.Function_p.csproj", "{8854E8B0-281F-43EC-B7EB-04CCEB38332F}"
EndProject
Project("{9A19103F-16F7-4668-BE54-9A1E7A4F7556}") = "06.UserDefinedType_p", "06.UserDefinedType_p\06.UserDefinedType_p.csproj", "{EC0687F4-AFA5-4DF2-8B1B-B5ED929A9B3B}"
EndProject
Project("{9A19103F-16F7-4668-BE54-9A1E7A4F7556}") = "07.Class_p", "07.Class_p\07.Class_p.csproj", "{3B3D45DC-2547-4B56-8BEB-EE2B5BDD0074}"
EndProject
Project("{9A19103F-16F7-4668-BE54-9A1E7A4F7556}") = "08.OOP_p", "08.OOP_p\08.OOP_p.csproj", "{B35D12DB-4F2D-4AF5-BF83-DD117D185A6B}"
EndProject
Project("{9A19103F-16F7-4668-BE54-9A1E7A4F7556}") = "00.RSPGame", "00.RSPGame\00.RSPGame.csproj", "{C64EA2F0-52B0-433C-B713-FC6274D27824}"
EndProject
Project("{9A19103F-16F7-4668-BE54-9A1E7A4F7556}") = "00.VietMul", "00.VietMul\00.VietMul.csproj", "{088C77D2-87FF-423E-9A68-ED6E906F3115}"
EndProject
Project("{9A19103F-16F7-4668-BE54-9A1E7A4F7556}") = "09.Generic_p", "09.Generic_p\09.Generic_p.csproj", "{CD306A78-60A7-4A02-8255-F1DC18FA47F0}"
EndProject
Project("{9A19103F-16F7-4668-BE54-9A1E7A4F7556}") = "10.Interface_p", "10.Interface_p\10.Interface_p.csproj", "{0DCF9F8A-D3C7-4266-B58A-30E9E9008775}"
EndProject
Project("{9A19103F-16F7-4668-BE54-9A1E7A4F7556}") = "13.Additional_p", "13.Additional_p\13.Additional_p.csproj", "{3C0E3AAB-D7B4-48A4-8DFE-71086FA1E7C5}"
EndProject
Project("{9A19103F-16F7-4668-BE54-9A1E7A4F7556}") = "11.Delegate_p", "11.Delegate_p\11.Delegate_p.csproj", "{FD556E3C-F3B4-4EAA-B31D-0BFA86517AB9}"
EndProject
Project("{9A19103F-16F7-4668-BE54-9A1E7A4F7556}") = "12.Event", "12.Event_p\12.Event.csproj", "{96A7EFB8-C708-4254-AB6C-F3F8F8FBA574}"
EndProject
Project("{9A19103F-16F7-4668-BE54-9A1E7A4F7556}") = "00.Test_1106", "00.Test_1106\00.Test_1106.csproj", "{2A734C59-87AC-4AE0-B7B9-6DD5A28519A2}"
EndProject
Project("{9A19103F-16F7-4668-BE54-9A1E7A4F7556}") = "NOTE", "NOTE\NOTE.csproj", "{D478D671-2A61-456B-BBEE-6C4C8C7B4D9F}"
EndProject
Project("{9A19103F-16F7-4668-BE54-9A1E7A4F7556}") = "10.Interface_t", "10.RogueLikeGame\10.Interface_t.csproj", "{2F4D1BCB-7952-42B2-B526-C8791876FA6C}"
EndProject
Project("{9A19103F-16F7-4668-BE54-9A1E7A4F7556}") = "10.Interface_Compare", "10.Interface_Compare\10.Interface_Compare.csproj", "{373F2F81-DE47-4EF3-B5BF-4C10110A2BB0}"
EndProject
Project("{9A19103F-16F7-4668-BE54-9A1E7A4F7556}") = "NOTEFORTRPG", "NOTEFORTRPG\NOTEFORTRPG.csproj", "{B18169B0-38A6-4D3A-BEFB-502D5BCF9BFE}"
EndProject
Project("{9A19103F-16F7-4668-BE54-9A1E7A4F7556}") = "12. Event_p", "12. Event_p\12. Event_p.csproj", "{440CE31D-7E2E-48DF-9825-AEA0EBC62329}"
EndProject
Project("{9A19103F-16F7-4668-BE54-9A1E7A4F7556}") = "11.Delegate_t", "11.Delegate_t\11.Delegate_t.csproj", "{3DC1FAA1-A822-4EA8-BC5A-09294C81B504}"
EndProject
Project("{FAE04EC0-301F-11D3-BF4B-00C04F79EFBC}") = "12.Event_t", "12.Event_t\12.Event_t.csproj", "{96035C65-C99F-4FA1-9FA8-EFF7EB6153F7}"
EndProject
Global
	GlobalSection(SolutionConfigurationPlatforms) = preSolution
		Debug|Any CPU = Debug|Any CPU
		Release|Any CPU = Release|Any CPU
	EndGlobalSection
	GlobalSection(ProjectConfigurationPlatforms) = postSolution
		{8C39ACC6-A9C4-4165-BBDD-7315994F41C4}.Debug|Any CPU.ActiveCfg = Debug|Any CPU
		{8C39ACC6-A9C4-4165-BBDD-7315994F41C4}.Debug|Any CPU.Build.0 = Debug|Any CPU
		{8C39ACC6-A9C4-4165-BBDD-7315994F41C4}.Release|Any CPU.ActiveCfg = Release|Any CPU
		{8C39ACC6-A9C4-4165-BBDD-7315994F41C4}.Release|Any CPU.Build.0 = Release|Any CPU
		{44428E1E-E895-4BF5-9C4E-849FC1C8F23C}.Debug|Any CPU.ActiveCfg = Debug|Any CPU
		{44428E1E-E895-4BF5-9C4E-849FC1C8F23C}.Debug|Any CPU.Build.0 = Debug|Any CPU
		{44428E1E-E895-4BF5-9C4E-849FC1C8F23C}.Release|Any CPU.ActiveCfg = Release|Any CPU
		{44428E1E-E895-4BF5-9C4E-849FC1C8F23C}.Release|Any CPU.Build.0 = Release|Any CPU
		{A3AF21A3-5232-4D04-B48D-4F0243287A53}.Debug|Any CPU.ActiveCfg = Debug|Any CPU
		{A3AF21A3-5232-4D04-B48D-4F0243287A53}.Debug|Any CPU.Build.0 = Debug|Any CPU
		{A3AF21A3-5232-4D04-B48D-4F0243287A53}.Release|Any CPU.ActiveCfg = Release|Any CPU
		{A3AF21A3-5232-4D04-B48D-4F0243287A53}.Release|Any CPU.Build.0 = Release|Any CPU
		{53DCD892-E936-4BC7-95B9-E9AB62A49933}.Debug|Any CPU.ActiveCfg = Debug|Any CPU
		{53DCD892-E936-4BC7-95B9-E9AB62A49933}.Debug|Any CPU.Build.0 = Debug|Any CPU
		{53DCD892-E936-4BC7-95B9-E9AB62A49933}.Release|Any CPU.ActiveCfg = Release|Any CPU
		{53DCD892-E936-4BC7-95B9-E9AB62A49933}.Release|Any CPU.Build.0 = Release|Any CPU
		{50D58C24-B994-4229-B810-3EB676843AB4}.Debug|Any CPU.ActiveCfg = Debug|Any CPU
		{50D58C24-B994-4229-B810-3EB676843AB4}.Debug|Any CPU.Build.0 = Debug|Any CPU
		{50D58C24-B994-4229-B810-3EB676843AB4}.Release|Any CPU.ActiveCfg = Release|Any CPU
		{50D58C24-B994-4229-B810-3EB676843AB4}.Release|Any CPU.Build.0 = Release|Any CPU
		{8854E8B0-281F-43EC-B7EB-04CCEB38332F}.Debug|Any CPU.ActiveCfg = Debug|Any CPU
		{8854E8B0-281F-43EC-B7EB-04CCEB38332F}.Debug|Any CPU.Build.0 = Debug|Any CPU
		{8854E8B0-281F-43EC-B7EB-04CCEB38332F}.Release|Any CPU.ActiveCfg = Release|Any CPU
		{8854E8B0-281F-43EC-B7EB-04CCEB38332F}.Release|Any CPU.Build.0 = Release|Any CPU
		{EC0687F4-AFA5-4DF2-8B1B-B5ED929A9B3B}.Debug|Any CPU.ActiveCfg = Debug|Any CPU
		{EC0687F4-AFA5-4DF2-8B1B-B5ED929A9B3B}.Debug|Any CPU.Build.0 = Debug|Any CPU
		{EC0687F4-AFA5-4DF2-8B1B-B5ED929A9B3B}.Release|Any CPU.ActiveCfg = Release|Any CPU
		{EC0687F4-AFA5-4DF2-8B1B-B5ED929A9B3B}.Release|Any CPU.Build.0 = Release|Any CPU
		{3B3D45DC-2547-4B56-8BEB-EE2B5BDD0074}.Debug|Any CPU.ActiveCfg = Debug|Any CPU
		{3B3D45DC-2547-4B56-8BEB-EE2B5BDD0074}.Debug|Any CPU.Build.0 = Debug|Any CPU
		{3B3D45DC-2547-4B56-8BEB-EE2B5BDD0074}.Release|Any CPU.ActiveCfg = Release|Any CPU
		{3B3D45DC-2547-4B56-8BEB-EE2B5BDD0074}.Release|Any CPU.Build.0 = Release|Any CPU
		{B35D12DB-4F2D-4AF5-BF83-DD117D185A6B}.Debug|Any CPU.ActiveCfg = Debug|Any CPU
		{B35D12DB-4F2D-4AF5-BF83-DD117D185A6B}.Debug|Any CPU.Build.0 = Debug|Any CPU
		{B35D12DB-4F2D-4AF5-BF83-DD117D185A6B}.Release|Any CPU.ActiveCfg = Release|Any CPU
		{B35D12DB-4F2D-4AF5-BF83-DD117D185A6B}.Release|Any CPU.Build.0 = Release|Any CPU
		{C64EA2F0-52B0-433C-B713-FC6274D27824}.Debug|Any CPU.ActiveCfg = Debug|Any CPU
		{C64EA2F0-52B0-433C-B713-FC6274D27824}.Debug|Any CPU.Build.0 = Debug|Any CPU
		{C64EA2F0-52B0-433C-B713-FC6274D27824}.Release|Any CPU.ActiveCfg = Release|Any CPU
		{C64EA2F0-52B0-433C-B713-FC6274D27824}.Release|Any CPU.Build.0 = Release|Any CPU
		{088C77D2-87FF-423E-9A68-ED6E906F3115}.Debug|Any CPU.ActiveCfg = Debug|Any CPU
		{088C77D2-87FF-423E-9A68-ED6E906F3115}.Debug|Any CPU.Build.0 = Debug|Any CPU
		{088C77D2-87FF-423E-9A68-ED6E906F3115}.Release|Any CPU.ActiveCfg = Release|Any CPU
		{088C77D2-87FF-423E-9A68-ED6E906F3115}.Release|Any CPU.Build.0 = Release|Any CPU
		{CD306A78-60A7-4A02-8255-F1DC18FA47F0}.Debug|Any CPU.ActiveCfg = Debug|Any CPU
		{CD306A78-60A7-4A02-8255-F1DC18FA47F0}.Debug|Any CPU.Build.0 = Debug|Any CPU
		{CD306A78-60A7-4A02-8255-F1DC18FA47F0}.Release|Any CPU.ActiveCfg = Release|Any CPU
		{CD306A78-60A7-4A02-8255-F1DC18FA47F0}.Release|Any CPU.Build.0 = Release|Any CPU
		{0DCF9F8A-D3C7-4266-B58A-30E9E9008775}.Debug|Any CPU.ActiveCfg = Debug|Any CPU
		{0DCF9F8A-D3C7-4266-B58A-30E9E9008775}.Debug|Any CPU.Build.0 = Debug|Any CPU
		{0DCF9F8A-D3C7-4266-B58A-30E9E9008775}.Release|Any CPU.ActiveCfg = Release|Any CPU
		{0DCF9F8A-D3C7-4266-B58A-30E9E9008775}.Release|Any CPU.Build.0 = Release|Any CPU
		{3C0E3AAB-D7B4-48A4-8DFE-71086FA1E7C5}.Debug|Any CPU.ActiveCfg = Debug|Any CPU
		{3C0E3AAB-D7B4-48A4-8DFE-71086FA1E7C5}.Debug|Any CPU.Build.0 = Debug|Any CPU
		{3C0E3AAB-D7B4-48A4-8DFE-71086FA1E7C5}.Release|Any CPU.ActiveCfg = Release|Any CPU
		{3C0E3AAB-D7B4-48A4-8DFE-71086FA1E7C5}.Release|Any CPU.Build.0 = Release|Any CPU
		{FD556E3C-F3B4-4EAA-B31D-0BFA86517AB9}.Debug|Any CPU.ActiveCfg = Debug|Any CPU
		{FD556E3C-F3B4-4EAA-B31D-0BFA86517AB9}.Debug|Any CPU.Build.0 = Debug|Any CPU
		{FD556E3C-F3B4-4EAA-B31D-0BFA86517AB9}.Release|Any CPU.ActiveCfg = Release|Any CPU
		{FD556E3C-F3B4-4EAA-B31D-0BFA86517AB9}.Release|Any CPU.Build.0 = Release|Any CPU
		{96A7EFB8-C708-4254-AB6C-F3F8F8FBA574}.Debug|Any CPU.ActiveCfg = Debug|Any CPU
		{96A7EFB8-C708-4254-AB6C-F3F8F8FBA574}.Debug|Any CPU.Build.0 = Debug|Any CPU
		{96A7EFB8-C708-4254-AB6C-F3F8F8FBA574}.Release|Any CPU.ActiveCfg = Release|Any CPU
		{96A7EFB8-C708-4254-AB6C-F3F8F8FBA574}.Release|Any CPU.Build.0 = Release|Any CPU
		{2A734C59-87AC-4AE0-B7B9-6DD5A28519A2}.Debug|Any CPU.ActiveCfg = Debug|Any CPU
		{2A734C59-87AC-4AE0-B7B9-6DD5A28519A2}.Debug|Any CPU.Build.0 = Debug|Any CPU
		{2A734C59-87AC-4AE0-B7B9-6DD5A28519A2}.Release|Any CPU.ActiveCfg = Release|Any CPU
		{2A734C59-87AC-4AE0-B7B9-6DD5A28519A2}.Release|Any CPU.Build.0 = Release|Any CPU
		{D478D671-2A61-456B-BBEE-6C4C8C7B4D9F}.Debug|Any CPU.ActiveCfg = Debug|Any CPU
		{D478D671-2A61-456B-BBEE-6C4C8C7B4D9F}.Debug|Any CPU.Build.0 = Debug|Any CPU
		{D478D671-2A61-456B-BBEE-6C4C8C7B4D9F}.Release|Any CPU.ActiveCfg = Release|Any CPU
		{D478D671-2A61-456B-BBEE-6C4C8C7B4D9F}.Release|Any CPU.Build.0 = Release|Any CPU
		{2F4D1BCB-7952-42B2-B526-C8791876FA6C}.Debug|Any CPU.ActiveCfg = Debug|Any CPU
		{2F4D1BCB-7952-42B2-B526-C8791876FA6C}.Debug|Any CPU.Build.0 = Debug|Any CPU
		{2F4D1BCB-7952-42B2-B526-C8791876FA6C}.Release|Any CPU.ActiveCfg = Release|Any CPU
		{2F4D1BCB-7952-42B2-B526-C8791876FA6C}.Release|Any CPU.Build.0 = Release|Any CPU
		{373F2F81-DE47-4EF3-B5BF-4C10110A2BB0}.Debug|Any CPU.ActiveCfg = Debug|Any CPU
		{373F2F81-DE47-4EF3-B5BF-4C10110A2BB0}.Debug|Any CPU.Build.0 = Debug|Any CPU
		{373F2F81-DE47-4EF3-B5BF-4C10110A2BB0}.Release|Any CPU.ActiveCfg = Release|Any CPU
		{373F2F81-DE47-4EF3-B5BF-4C10110A2BB0}.Release|Any CPU.Build.0 = Release|Any CPU
		{B18169B0-38A6-4D3A-BEFB-502D5BCF9BFE}.Debug|Any CPU.ActiveCfg = Debug|Any CPU
		{B18169B0-38A6-4D3A-BEFB-502D5BCF9BFE}.Debug|Any CPU.Build.0 = Debug|Any CPU
		{B18169B0-38A6-4D3A-BEFB-502D5BCF9BFE}.Release|Any CPU.ActiveCfg = Release|Any CPU
		{B18169B0-38A6-4D3A-BEFB-502D5BCF9BFE}.Release|Any CPU.Build.0 = Release|Any CPU
		{440CE31D-7E2E-48DF-9825-AEA0EBC62329}.Debug|Any CPU.ActiveCfg = Debug|Any CPU
		{440CE31D-7E2E-48DF-9825-AEA0EBC62329}.Debug|Any CPU.Build.0 = Debug|Any CPU
		{440CE31D-7E2E-48DF-9825-AEA0EBC62329}.Release|Any CPU.ActiveCfg = Release|Any CPU
		{440CE31D-7E2E-48DF-9825-AEA0EBC62329}.Release|Any CPU.Build.0 = Release|Any CPU
		{3DC1FAA1-A822-4EA8-BC5A-09294C81B504}.Debug|Any CPU.ActiveCfg = Debug|Any CPU
		{3DC1FAA1-A822-4EA8-BC5A-09294C81B504}.Debug|Any CPU.Build.0 = Debug|Any CPU
		{3DC1FAA1-A822-4EA8-BC5A-09294C81B504}.Release|Any CPU.ActiveCfg = Release|Any CPU
		{3DC1FAA1-A822-4EA8-BC5A-09294C81B504}.Release|Any CPU.Build.0 = Release|Any CPU
		{96035C65-C99F-4FA1-9FA8-EFF7EB6153F7}.Debug|Any CPU.ActiveCfg = Debug|Any CPU
		{96035C65-C99F-4FA1-9FA8-EFF7EB6153F7}.Debug|Any CPU.Build.0 = Debug|Any CPU
		{96035C65-C99F-4FA1-9FA8-EFF7EB6153F7}.Release|Any CPU.ActiveCfg = Release|Any CPU
		{96035C65-C99F-4FA1-9FA8-EFF7EB6153F7}.Release|Any CPU.Build.0 = Release|Any CPU
	EndGlobalSection
	GlobalSection(SolutionProperties) = preSolution
		HideSolutionNode = FALSE
	EndGlobalSection
	GlobalSection(ExtensibilityGlobals) = postSolution
		SolutionGuid = {C1250630-707F-4BC5-BA51-0C1B4353875E}
	EndGlobalSection
EndGlobal
